
Microsoft Visual Studio Solution File, Format Version 12.00
# Visual Studio Version 16
VisualStudioVersion = 16.0.808.2
MinimumVisualStudioVersion = 10.0.40219.1
Project("{FAE04EC0-301F-11D3-BF4B-00C04F79EFBC}") = "SecretSanta", "SecretSanta\SecretSanta.csproj", "{8C581D64-EA12-414E-A004-C97589DE86A1}"
EndProject
Global
	GlobalSection(SolutionConfigurationPlatforms) = preSolution
		Debug|Any CPU = Debug|Any CPU
		Release|Any CPU = Release|Any CPU
	EndGlobalSection
	GlobalSection(ProjectConfigurationPlatforms) = postSolution
		{8C581D64-EA12-414E-A004-C97589DE86A1}.Debug|Any CPU.ActiveCfg = Debug|Any CPU
		{8C581D64-EA12-414E-A004-C97589DE86A1}.Debug|Any CPU.Build.0 = Debug|Any CPU
		{8C581D64-EA12-414E-A004-C97589DE86A1}.Release|Any CPU.ActiveCfg = Release|Any CPU
		{8C581D64-EA12-414E-A004-C97589DE86A1}.Release|Any CPU.Build.0 = Release|Any CPU
	EndGlobalSection
	GlobalSection(SolutionProperties) = preSolution
		HideSolutionNode = FALSE
	EndGlobalSection
	GlobalSection(ExtensibilityGlobals) = postSolution
		SolutionGuid = {05739735-23AE-4FEE-81CB-8CDEA91202EC}
	EndGlobalSection
EndGlobal
